
Microsoft Visual Studio Solution File, Format Version 12.00
# Visual Studio Version 17
VisualStudioVersion = 17.11.35312.102
MinimumVisualStudioVersion = 10.0.40219.1
Project("{FAE04EC0-301F-11D3-BF4B-00C04F79EFBC}") = "Jenkins_App", "Jenkins_App\Jenkins_App.csproj", "{230F6762-0FFC-4C15-9505-B29138C2B24B}"
EndProject
Global
	GlobalSection(SolutionConfigurationPlatforms) = preSolution
		Debug|Any CPU = Debug|Any CPU
		Release|Any CPU = Release|Any CPU
	EndGlobalSection
	GlobalSection(ProjectConfigurationPlatforms) = postSolution
		{230F6762-0FFC-4C15-9505-B29138C2B24B}.Debug|Any CPU.ActiveCfg = Debug|Any CPU
		{230F6762-0FFC-4C15-9505-B29138C2B24B}.Debug|Any CPU.Build.0 = Debug|Any CPU
		{230F6762-0FFC-4C15-9505-B29138C2B24B}.Release|Any CPU.ActiveCfg = Release|Any CPU
		{230F6762-0FFC-4C15-9505-B29138C2B24B}.Release|Any CPU.Build.0 = Release|Any CPU
	EndGlobalSection
	GlobalSection(SolutionProperties) = preSolution
		HideSolutionNode = FALSE
	EndGlobalSection
	GlobalSection(ExtensibilityGlobals) = postSolution
		SolutionGuid = {E6B6DD9C-A0F2-4B5B-995F-6AA20C24CF88}
	EndGlobalSection
EndGlobal
